
Microsoft Visual Studio Solution File, Format Version 12.00
# Visual Studio Version 17
VisualStudioVersion = 17.0.32014.148
MinimumVisualStudioVersion = 10.0.40219.1
Project("{FAE04EC0-301F-11D3-BF4B-00C04F79EFBC}") = "Mediaplayer", "Mediaplayer\Mediaplayer.csproj", "{3F838D0F-A4EB-4D3A-B7A0-C6FAAC02EFF8}"
EndProject
Global
	GlobalSection(SolutionConfigurationPlatforms) = preSolution
		Debug|Any CPU = Debug|Any CPU
		Release|Any CPU = Release|Any CPU
	EndGlobalSection
	GlobalSection(ProjectConfigurationPlatforms) = postSolution
		{3F838D0F-A4EB-4D3A-B7A0-C6FAAC02EFF8}.Debug|Any CPU.ActiveCfg = Debug|Any CPU
		{3F838D0F-A4EB-4D3A-B7A0-C6FAAC02EFF8}.Debug|Any CPU.Build.0 = Debug|Any CPU
		{3F838D0F-A4EB-4D3A-B7A0-C6FAAC02EFF8}.Release|Any CPU.ActiveCfg = Release|Any CPU
		{3F838D0F-A4EB-4D3A-B7A0-C6FAAC02EFF8}.Release|Any CPU.Build.0 = Release|Any CPU
	EndGlobalSection
	GlobalSection(SolutionProperties) = preSolution
		HideSolutionNode = FALSE
	EndGlobalSection
	GlobalSection(ExtensibilityGlobals) = postSolution
		SolutionGuid = {BC70B458-0A4A-40C0-B111-C56A2A57FA2D}
	EndGlobalSection
EndGlobal
